
Microsoft Visual Studio Solution File, Format Version 12.00
# Visual Studio Version 16
VisualStudioVersion = 16.0.30907.101
MinimumVisualStudioVersion = 10.0.40219.1
Project("{FAE04EC0-301F-11D3-BF4B-00C04F79EFBC}") = "reapp_altium", "reapp_altium\reapp_altium.csproj", "{B7EE8ADA-8F61-4E46-BE94-F3DA80A69BAF}"
EndProject
Project("{FAE04EC0-301F-11D3-BF4B-00C04F79EFBC}") = "showCamera", "image\CSharp-image-AForge-master\2016310249_ObjectDetecting\showCamera.csproj", "{293611BC-8032-448D-A76A-DB063EC496C0}"
EndProject
Global
	GlobalSection(SolutionConfigurationPlatforms) = preSolution
		Debug|Any CPU = Debug|Any CPU
		Release|Any CPU = Release|Any CPU
	EndGlobalSection
	GlobalSection(ProjectConfigurationPlatforms) = postSolution
		{B7EE8ADA-8F61-4E46-BE94-F3DA80A69BAF}.Debug|Any CPU.ActiveCfg = Debug|Any CPU
		{B7EE8ADA-8F61-4E46-BE94-F3DA80A69BAF}.Debug|Any CPU.Build.0 = Debug|Any CPU
		{B7EE8ADA-8F61-4E46-BE94-F3DA80A69BAF}.Release|Any CPU.ActiveCfg = Release|Any CPU
		{B7EE8ADA-8F61-4E46-BE94-F3DA80A69BAF}.Release|Any CPU.Build.0 = Release|Any CPU
		{293611BC-8032-448D-A76A-DB063EC496C0}.Debug|Any CPU.ActiveCfg = Debug|Any CPU
		{293611BC-8032-448D-A76A-DB063EC496C0}.Debug|Any CPU.Build.0 = Debug|Any CPU
		{293611BC-8032-448D-A76A-DB063EC496C0}.Release|Any CPU.ActiveCfg = Release|Any CPU
		{293611BC-8032-448D-A76A-DB063EC496C0}.Release|Any CPU.Build.0 = Release|Any CPU
	EndGlobalSection
	GlobalSection(SolutionProperties) = preSolution
		HideSolutionNode = FALSE
	EndGlobalSection
	GlobalSection(ExtensibilityGlobals) = postSolution
		SolutionGuid = {0D7E9372-A52A-45C8-8234-381F1F2E7676}
	EndGlobalSection
EndGlobal
